
Microsoft Visual Studio Solution File, Format Version 12.00
Project("{FAE04EC0-301F-11D3-BF4B-00C04F79EFBC}") = "Workbook3", "Workbook3\Workbook3.csproj", "{530FFB8A-957C-46CC-AA06-BEA2C2C75A9A}"
EndProject
Global
	GlobalSection(SolutionConfigurationPlatforms) = preSolution
		Debug|Any CPU = Debug|Any CPU
		Release|Any CPU = Release|Any CPU
	EndGlobalSection
	GlobalSection(ProjectConfigurationPlatforms) = postSolution
		{530FFB8A-957C-46CC-AA06-BEA2C2C75A9A}.Debug|Any CPU.ActiveCfg = Debug|Any CPU
		{530FFB8A-957C-46CC-AA06-BEA2C2C75A9A}.Debug|Any CPU.Build.0 = Debug|Any CPU
		{530FFB8A-957C-46CC-AA06-BEA2C2C75A9A}.Release|Any CPU.ActiveCfg = Release|Any CPU
		{530FFB8A-957C-46CC-AA06-BEA2C2C75A9A}.Release|Any CPU.Build.0 = Release|Any CPU
	EndGlobalSection
EndGlobal
